
Microsoft Visual Studio Solution File, Format Version 12.00
# Visual Studio Version 17
VisualStudioVersion = 17.5.002.0
MinimumVisualStudioVersion = 10.0.40219.1
Project("{9A19103F-16F7-4668-BE54-9A1E7A4F7556}") = "PruebaAjedrezVisual", "PruebaAjedrezVisual.csproj", "{A61DA3C8-BA6A-4028-BD65-F9313E72A9D7}"
EndProject
Global
	GlobalSection(SolutionConfigurationPlatforms) = preSolution
		Debug|Any CPU = Debug|Any CPU
		Release|Any CPU = Release|Any CPU
	EndGlobalSection
	GlobalSection(ProjectConfigurationPlatforms) = postSolution
		{A61DA3C8-BA6A-4028-BD65-F9313E72A9D7}.Debug|Any CPU.ActiveCfg = Debug|Any CPU
		{A61DA3C8-BA6A-4028-BD65-F9313E72A9D7}.Debug|Any CPU.Build.0 = Debug|Any CPU
		{A61DA3C8-BA6A-4028-BD65-F9313E72A9D7}.Release|Any CPU.ActiveCfg = Release|Any CPU
		{A61DA3C8-BA6A-4028-BD65-F9313E72A9D7}.Release|Any CPU.Build.0 = Release|Any CPU
	EndGlobalSection
	GlobalSection(SolutionProperties) = preSolution
		HideSolutionNode = FALSE
	EndGlobalSection
	GlobalSection(ExtensibilityGlobals) = postSolution
		SolutionGuid = {664D0AC9-26E3-4E1C-A4AD-53D6D2EFB27E}
	EndGlobalSection
EndGlobal
